// !$*UTF8*$!
{
	archiveVersion = 1;
	classes = {
	};
	objectVersion = 55;
	objects = {

/* Begin PBXBuildFile section */
		B6F743602715A5DE00367567 /* CupcakeCornerApp.swift in Sources */ = {isa = PBXBuildFile; fileRef = B6F7435F2715A5DE00367567 /* CupcakeCornerApp.swift */; };
		B6F743622715A5DE00367567 /* ContentView.swift in Sources */ = {isa = PBXBuildFile; fileRef = B6F743612715A5DE00367567 /* ContentView.swift */; };
		B6F743642715A5E300367567 /* Assets.xcassets in Resources */ = {isa = PBXBuildFile; fileRef = B6F743632715A5E300367567 /* Assets.xcassets */; };
		B6F743672715A5E300367567 /* Preview Assets.xcassets in Resources */ = {isa = PBXBuildFile; fileRef = B6F743662715A5E300367567 /* Preview Assets.xcassets */; };
		B6F743712715A5E300367567 /* CupcakeCornerTests.swift in Sources */ = {isa = PBXBuildFile; fileRef = B6F743702715A5E300367567 /* CupcakeCornerTests.swift */; };
		B6F7437B2715A5E300367567 /* CupcakeCornerUITests.swift in Sources */ = {isa = PBXBuildFile; fileRef = B6F7437A2715A5E300367567 /* CupcakeCornerUITests.swift */; };
		B6F7437D2715A5E300367567 /* CupcakeCornerUITestsLaunchTests.swift in Sources */ = {isa = PBXBuildFile; fileRef = B6F7437C2715A5E300367567 /* CupcakeCornerUITestsLaunchTests.swift */; };
		B6F7438A2716D7D600367567 /* Order.swift in Sources */ = {isa = PBXBuildFile; fileRef = B6F743892716D7D500367567 /* Order.swift */; };
		B6F7438C2716EC5300367567 /* AddressView.swift in Sources */ = {isa = PBXBuildFile; fileRef = B6F7438B2716EC5200367567 /* AddressView.swift */; };
		B6F7438E2716ED2600367567 /* CheckoutView.swift in Sources */ = {isa = PBXBuildFile; fileRef = B6F7438D2716ED2600367567 /* CheckoutView.swift */; };
		B6F7439227180FA500367567 /* ContentViewForChallenge.swift in Sources */ = {isa = PBXBuildFile; fileRef = B6F7439127180FA400367567 /* ContentViewForChallenge.swift */; };
		B6F7439427180FB100367567 /* OrderForChallenge.swift in Sources */ = {isa = PBXBuildFile; fileRef = B6F7439327180FB100367567 /* OrderForChallenge.swift */; };
/* End PBXBuildFile section */

/* Begin PBXContainerItemProxy section */
		B6F7436D2715A5E300367567 /* PBXContainerItemProxy */ = {
			isa = PBXContainerItemProxy;
			containerPortal = B6F743542715A5DE00367567 /* Project object */;
			proxyType = 1;
			remoteGlobalIDString = B6F7435B2715A5DE00367567;
			remoteInfo = CupcakeCorner;
		};
		B6F743772715A5E300367567 /* PBXContainerItemProxy */ = {
			isa = PBXContainerItemProxy;
			containerPortal = B6F743542715A5DE00367567 /* Project object */;
			proxyType = 1;
			remoteGlobalIDString = B6F7435B2715A5DE00367567;
			remoteInfo = CupcakeCorner;
		};
/* End PBXContainerItemProxy section */

/* Begin PBXFileReference section */
		B6F7435C2715A5DE00367567 /* CupcakeCorner.app */ = {isa = PBXFileReference; explicitFileType = wrapper.application; includeInIndex = 0; path = CupcakeCorner.app; sourceTree = BUILT_PRODUCTS_DIR; };
		B6F7435F2715A5DE00367567 /* CupcakeCornerApp.swift */ = {isa = PBXFileReference; lastKnownFileType = sourcecode.swift; path = CupcakeCornerApp.swift; sourceTree = "<group>"; };
		B6F743612715A5DE00367567 /* ContentView.swift */ = {isa = PBXFileReference; lastKnownFileType = sourcecode.swift; path = ContentView.swift; sourceTree = "<group>"; };
		B6F743632715A5E300367567 /* Assets.xcassets */ = {isa = PBXFileReference; lastKnownFileType = folder.assetcatalog; path = Assets.xcassets; sourceTree = "<group>"; };
		B6F743662715A5E300367567 /* Preview Assets.xcassets */ = {isa = PBXFileReference; lastKnownFileType = folder.assetcatalog; path = "Preview Assets.xcassets"; sourceTree = "<group>"; };
		B6F7436C2715A5E300367567 /* CupcakeCornerTests.xctest */ = {isa = PBXFileReference; explicitFileType = wrapper.cfbundle; includeInIndex = 0; path = CupcakeCornerTests.xctest; sourceTree = BUILT_PRODUCTS_DIR; };
		B6F743702715A5E300367567 /* CupcakeCornerTests.swift */ = {isa = PBXFileReference; lastKnownFileType = sourcecode.swift; path = CupcakeCornerTests.swift; sourceTree = "<group>"; };
		B6F743762715A5E300367567 /* CupcakeCornerUITests.xctest */ = {isa = PBXFileReference; explicitFileType = wrapper.cfbundle; includeInIndex = 0; path = CupcakeCornerUITests.xctest; sourceTree = BUILT_PRODUCTS_DIR; };
		B6F7437A2715A5E300367567 /* CupcakeCornerUITests.swift */ = {isa = PBXFileReference; lastKnownFileType = sourcecode.swift; path = CupcakeCornerUITests.swift; sourceTree = "<group>"; };
		B6F7437C2715A5E300367567 /* CupcakeCornerUITestsLaunchTests.swift */ = {isa = PBXFileReference; lastKnownFileType = sourcecode.swift; path = CupcakeCornerUITestsLaunchTests.swift; sourceTree = "<group>"; };
		B6F743892716D7D500367567 /* Order.swift */ = {isa = PBXFileReference; lastKnownFileType = sourcecode.swift; path = Order.swift; sourceTree = "<group>"; };
		B6F7438B2716EC5200367567 /* AddressView.swift */ = {isa = PBXFileReference; lastKnownFileType = sourcecode.swift; path = AddressView.swift; sourceTree = "<group>"; };
		B6F7438D2716ED2600367567 /* CheckoutView.swift */ = {isa = PBXFileReference; lastKnownFileType = sourcecode.swift; path = CheckoutView.swift; sourceTree = "<group>"; };
		B6F7439127180FA400367567 /* ContentViewForChallenge.swift */ = {isa = PBXFileReference; lastKnownFileType = sourcecode.swift; path = ContentViewForChallenge.swift; sourceTree = "<group>"; };
		B6F7439327180FB100367567 /* OrderForChallenge.swift */ = {isa = PBXFileReference; lastKnownFileType = sourcecode.swift; path = OrderForChallenge.swift; sourceTree = "<group>"; };
/* End PBXFileReference section */

/* Begin PBXFrameworksBuildPhase section */
		B6F743592715A5DE00367567 /* Frameworks */ = {
			isa = PBXFrameworksBuildPhase;
			buildActionMask = 2147483647;
			files = (
			);
			runOnlyForDeploymentPostprocessing = 0;
		};
		B6F743692715A5E300367567 /* Frameworks */ = {
			isa = PBXFrameworksBuildPhase;
			buildActionMask = 2147483647;
			files = (
			);
			runOnlyForDeploymentPostprocessing = 0;
		};
		B6F743732715A5E300367567 /* Frameworks */ = {
			isa = PBXFrameworksBuildPhase;
			buildActionMask = 2147483647;
			files = (
			);
			runOnlyForDeploymentPostprocessing = 0;
		};
/* End PBXFrameworksBuildPhase section */

/* Begin PBXGroup section */
		B6F743532715A5DE00367567 = {
			isa = PBXGroup;
			children = (
				B6F7435E2715A5DE00367567 /* CupcakeCorner */,
				B6F7436F2715A5E300367567 /* CupcakeCornerTests */,
				B6F743792715A5E300367567 /* CupcakeCornerUITests */,
				B6F7435D2715A5DE00367567 /* Products */,
			);
			sourceTree = "<group>";
		};
		B6F7435D2715A5DE00367567 /* Products */ = {
			isa = PBXGroup;
			children = (
				B6F7435C2715A5DE00367567 /* CupcakeCorner.app */,
				B6F7436C2715A5E300367567 /* CupcakeCornerTests.xctest */,
				B6F743762715A5E300367567 /* CupcakeCornerUITests.xctest */,
			);
			name = Products;
			sourceTree = "<group>";
		};
		B6F7435E2715A5DE00367567 /* CupcakeCorner */ = {
			isa = PBXGroup;
			children = (
				B6F7435F2715A5DE00367567 /* CupcakeCornerApp.swift */,
				B6F743612715A5DE00367567 /* ContentView.swift */,
				B6F743892716D7D500367567 /* Order.swift */,
				B6F7438B2716EC5200367567 /* AddressView.swift */,
				B6F7439127180FA400367567 /* ContentViewForChallenge.swift */,
				B6F7439327180FB100367567 /* OrderForChallenge.swift */,
				B6F7438D2716ED2600367567 /* CheckoutView.swift */,
				B6F743632715A5E300367567 /* Assets.xcassets */,
				B6F743652715A5E300367567 /* Preview Content */,
			);
			path = CupcakeCorner;
			sourceTree = "<group>";
		};
		B6F743652715A5E300367567 /* Preview Content */ = {
			isa = PBXGroup;
			children = (
				B6F743662715A5E300367567 /* Preview Assets.xcassets */,
			);
			path = "Preview Content";
			sourceTree = "<group>";
		};
		B6F7436F2715A5E300367567 /* CupcakeCornerTests */ = {
			isa = PBXGroup;
			children = (
				B6F743702715A5E300367567 /* CupcakeCornerTests.swift */,
			);
			path = CupcakeCornerTests;
			sourceTree = "<group>";
		};
		B6F743792715A5E300367567 /* CupcakeCornerUITests */ = {
			isa = PBXGroup;
			children = (
				B6F7437A2715A5E300367567 /* CupcakeCornerUITests.swift */,
				B6F7437C2715A5E300367567 /* CupcakeCornerUITestsLaunchTests.swift */,
			);
			path = CupcakeCornerUITests;
			sourceTree = "<group>";
		};
/* End PBXGroup section */

/* Begin PBXNativeTarget section */
		B6F7435B2715A5DE00367567 /* CupcakeCorner */ = {
			isa = PBXNativeTarget;
			buildConfigurationList = B6F743802715A5E300367567 /* Build configuration list for PBXNativeTarget "CupcakeCorner" */;
			buildPhases = (
				B6F743582715A5DE00367567 /* Sources */,
				B6F743592715A5DE00367567 /* Frameworks */,
				B6F7435A2715A5DE00367567 /* Resources */,
			);
			buildRules = (
			);
			dependencies = (
			);
			name = CupcakeCorner;
			productName = CupcakeCorner;
			productReference = B6F7435C2715A5DE00367567 /* CupcakeCorner.app */;
			productType = "com.apple.product-type.application";
		};
		B6F7436B2715A5E300367567 /* CupcakeCornerTests */ = {
			isa = PBXNativeTarget;
			buildConfigurationList = B6F743832715A5E300367567 /* Build configuration list for PBXNativeTarget "CupcakeCornerTests" */;
			buildPhases = (
				B6F743682715A5E300367567 /* Sources */,
				B6F743692715A5E300367567 /* Frameworks */,
				B6F7436A2715A5E300367567 /* Resources */,
			);
			buildRules = (
			);
			dependencies = (
				B6F7436E2715A5E300367567 /* PBXTargetDependency */,
			);
			name = CupcakeCornerTests;
			productName = CupcakeCornerTests;
			productReference = B6F7436C2715A5E300367567 /* CupcakeCornerTests.xctest */;
			productType = "com.apple.product-type.bundle.unit-test";
		};
		B6F743752715A5E300367567 /* CupcakeCornerUITests */ = {
			isa = PBXNativeTarget;
			buildConfigurationList = B6F743862715A5E300367567 /* Build configuration list for PBXNativeTarget "CupcakeCornerUITests" */;
			buildPhases = (
				B6F743722715A5E300367567 /* Sources */,
				B6F743732715A5E300367567 /* Frameworks */,
				B6F743742715A5E300367567 /* Resources */,
			);
			buildRules = (
			);
			dependencies = (
				B6F743782715A5E300367567 /* PBXTargetDependency */,
			);
			name = CupcakeCornerUITests;
			productName = CupcakeCornerUITests;
			productReference = B6F743762715A5E300367567 /* CupcakeCornerUITests.xctest */;
			productType = "com.apple.product-type.bundle.ui-testing";
		};
/* End PBXNativeTarget section */

/* Begin PBXProject section */
		B6F743542715A5DE00367567 /* Project object */ = {
			isa = PBXProject;
			attributes = {
				BuildIndependentTargetsInParallel = 1;
				LastSwiftUpdateCheck = 1300;
				LastUpgradeCheck = 1300;
				TargetAttributes = {
					B6F7435B2715A5DE00367567 = {
						CreatedOnToolsVersion = 13.0;
					};
					B6F7436B2715A5E300367567 = {
						CreatedOnToolsVersion = 13.0;
						TestTargetID = B6F7435B2715A5DE00367567;
					};
					B6F743752715A5E300367567 = {
						CreatedOnToolsVersion = 13.0;
						TestTargetID = B6F7435B2715A5DE00367567;
					};
				};
			};
			buildConfigurationList = B6F743572715A5DE00367567 /* Build configuration list for PBXProject "CupcakeCorner" */;
			compatibilityVersion = "Xcode 13.0";
			developmentRegion = en;
			hasScannedForEncodings = 0;
			knownRegions = (
				en,
				Base,
			);
			mainGroup = B6F743532715A5DE00367567;
			productRefGroup = B6F7435D2715A5DE00367567 /* Products */;
			projectDirPath = "";
			projectRoot = "";
			targets = (
				B6F7435B2715A5DE00367567 /* CupcakeCorner */,
				B6F7436B2715A5E300367567 /* CupcakeCornerTests */,
				B6F743752715A5E300367567 /* CupcakeCornerUITests */,
			);
		};
/* End PBXProject section */

/* Begin PBXResourcesBuildPhase section */
		B6F7435A2715A5DE00367567 /* Resources */ = {
			isa = PBXResourcesBuildPhase;
			buildActionMask = 2147483647;
			files = (
				B6F743672715A5E300367567 /* Preview Assets.xcassets in Resources */,
				B6F743642715A5E300367567 /* Assets.xcassets in Resources */,
			);
			runOnlyForDeploymentPostprocessing = 0;
		};
		B6F7436A2715A5E300367567 /* Resources */ = {
			isa = PBXResourcesBuildPhase;
			buildActionMask = 2147483647;
			files = (
			);
			runOnlyForDeploymentPostprocessing = 0;
		};
		B6F743742715A5E300367567 /* Resources */ = {
			isa = PBXResourcesBuildPhase;
			buildActionMask = 2147483647;
			files = (
			);
			runOnlyForDeploymentPostprocessing = 0;
		};
/* End PBXResourcesBuildPhase section */

/* Begin PBXSourcesBuildPhase section */
		B6F743582715A5DE00367567 /* Sources */ = {
			isa = PBXSourcesBuildPhase;
			buildActionMask = 2147483647;
			files = (
				B6F7438A2716D7D600367567 /* Order.swift in Sources */,
				B6F7438C2716EC5300367567 /* AddressView.swift in Sources */,
				B6F7439227180FA500367567 /* ContentViewForChallenge.swift in Sources */,
				B6F7438E2716ED2600367567 /* CheckoutView.swift in Sources */,
				B6F743622715A5DE00367567 /* ContentView.swift in Sources */,
				B6F7439427180FB100367567 /* OrderForChallenge.swift in Sources */,
				B6F743602715A5DE00367567 /* CupcakeCornerApp.swift in Sources */,
			);
			runOnlyForDeploymentPostprocessing = 0;
		};
		B6F743682715A5E300367567 /* Sources */ = {
			isa = PBXSourcesBuildPhase;
			buildActionMask = 2147483647;
			files = (
				B6F743712715A5E300367567 /* CupcakeCornerTests.swift in Sources */,
			);
			runOnlyForDeploymentPostprocessing = 0;
		};
		B6F743722715A5E300367567 /* Sources */ = {
			isa = PBXSourcesBuildPhase;
			buildActionMask = 2147483647;
			files = (
				B6F7437D2715A5E300367567 /* CupcakeCornerUITestsLaunchTests.swift in Sources */,
				B6F7437B2715A5E300367567 /* CupcakeCornerUITests.swift in Sources */,
			);
			runOnlyForDeploymentPostprocessing = 0;
		};
/* End PBXSourcesBuildPhase section */

/* Begin PBXTargetDependency section */
		B6F7436E2715A5E300367567 /* PBXTargetDependency */ = {
			isa = PBXTargetDependency;
			target = B6F7435B2715A5DE00367567 /* CupcakeCorner */;
			targetProxy = B6F7436D2715A5E300367567 /* PBXContainerItemProxy */;
		};
		B6F743782715A5E300367567 /* PBXTargetDependency */ = {
			isa = PBXTargetDependency;
			target = B6F7435B2715A5DE00367567 /* CupcakeCorner */;
			targetProxy = B6F743772715A5E300367567 /* PBXContainerItemProxy */;
		};
/* End PBXTargetDependency section */

/* Begin XCBuildConfiguration section */
		B6F7437E2715A5E300367567 /* Debug */ = {
			isa = XCBuildConfiguration;
			buildSettings = {
				ALWAYS_SEARCH_USER_PATHS = NO;
				CLANG_ANALYZER_NONNULL = YES;
				CLANG_ANALYZER_NUMBER_OBJECT_CONVERSION = YES_AGGRESSIVE;
				CLANG_CXX_LANGUAGE_STANDARD = "gnu++17";
				CLANG_CXX_LIBRARY = "libc++";
				CLANG_ENABLE_MODULES = YES;
				CLANG_ENABLE_OBJC_ARC = YES;
				CLANG_ENABLE_OBJC_WEAK = YES;
				CLANG_WARN_BLOCK_CAPTURE_AUTORELEASING = YES;
				CLANG_WARN_BOOL_CONVERSION = YES;
				CLANG_WARN_COMMA = YES;
				CLANG_WARN_CONSTANT_CONVERSION = YES;
				CLANG_WARN_DEPRECATED_OBJC_IMPLEMENTATIONS = YES;
				CLANG_WARN_DIRECT_OBJC_ISA_USAGE = YES_ERROR;
				CLANG_WARN_DOCUMENTATION_COMMENTS = YES;
				CLANG_WARN_EMPTY_BODY = YES;
				CLANG_WARN_ENUM_CONVERSION = YES;
				CLANG_WARN_INFINITE_RECURSION = YES;
				CLANG_WARN_INT_CONVERSION = YES;
				CLANG_WARN_NON_LITERAL_NULL_CONVERSION = YES;
				CLANG_WARN_OBJC_IMPLICIT_RETAIN_SELF = YES;
				CLANG_WARN_OBJC_LITERAL_CONVERSION = YES;
				CLANG_WARN_OBJC_ROOT_CLASS = YES_ERROR;
				CLANG_WARN_QUOTED_INCLUDE_IN_FRAMEWORK_HEADER = YES;
				CLANG_WARN_RANGE_LOOP_ANALYSIS = YES;
				CLANG_WARN_STRICT_PROTOTYPES = YES;
				CLANG_WARN_SUSPICIOUS_MOVE = YES;
				CLANG_WARN_UNGUARDED_AVAILABILITY = YES_AGGRESSIVE;
				CLANG_WARN_UNREACHABLE_CODE = YES;
				CLANG_WARN__DUPLICATE_METHOD_MATCH = YES;
				COPY_PHASE_STRIP = NO;
				DEBUG_INFORMATION_FORMAT = dwarf;
				ENABLE_STRICT_OBJC_MSGSEND = YES;
				ENABLE_TESTABILITY = YES;
				GCC_C_LANGUAGE_STANDARD = gnu11;
				GCC_DYNAMIC_NO_PIC = NO;
				GCC_NO_COMMON_BLOCKS = YES;
				GCC_OPTIMIZATION_LEVEL = 0;
				GCC_PREPROCESSOR_DEFINITIONS = (
					"DEBUG=1",
					"$(inherited)",
				);
				GCC_WARN_64_TO_32_BIT_CONVERSION = YES;
				GCC_WARN_ABOUT_RETURN_TYPE = YES_ERROR;
				GCC_WARN_UNDECLARED_SELECTOR = YES;
				GCC_WARN_UNINITIALIZED_AUTOS = YES_AGGRESSIVE;
				GCC_WARN_UNUSED_FUNCTION = YES;
				GCC_WARN_UNUSED_VARIABLE = YES;
				IPHONEOS_DEPLOYMENT_TARGET = 15.0;
				MTL_ENABLE_DEBUG_INFO = INCLUDE_SOURCE;
				MTL_FAST_MATH = YES;
				ONLY_ACTIVE_ARCH = YES;
				SDKROOT = iphoneos;
				SWIFT_ACTIVE_COMPILATION_CONDITIONS = DEBUG;
				SWIFT_OPTIMIZATION_LEVEL = "-Onone";
			};
			name = Debug;
		};
		B6F7437F2715A5E300367567 /* Release */ = {
			isa = XCBuildConfiguration;
			buildSettings = {
				ALWAYS_SEARCH_USER_PATHS = NO;
				CLANG_ANALYZER_NONNULL = YES;
				CLANG_ANALYZER_NUMBER_OBJECT_CONVERSION = YES_AGGRESSIVE;
				CLANG_CXX_LANGUAGE_STANDARD = "gnu++17";
				CLANG_CXX_LIBRARY = "libc++";
				CLANG_ENABLE_MODULES = YES;
				CLANG_ENABLE_OBJC_ARC = YES;
				CLANG_ENABLE_OBJC_WEAK = YES;
				CLANG_WARN_BLOCK_CAPTURE_AUTORELEASING = YES;
				CLANG_WARN_BOOL_CONVERSION = YES;
				CLANG_WARN_COMMA = YES;
				CLANG_WARN_CONSTANT_CONVERSION = YES;
				CLANG_WARN_DEPRECATED_OBJC_IMPLEMENTATIONS = YES;
				CLANG_WARN_DIRECT_OBJC_ISA_USAGE = YES_ERROR;
				CLANG_WARN_DOCUMENTATION_COMMENTS = YES;
				CLANG_WARN_EMPTY_BODY = YES;
				CLANG_WARN_ENUM_CONVERSION = YES;
				CLANG_WARN_INFINITE_RECURSION = YES;
				CLANG_WARN_INT_CONVERSION = YES;
				CLANG_WARN_NON_LITERAL_NULL_CONVERSION = YES;
				CLANG_WARN_OBJC_IMPLICIT_RETAIN_SELF = YES;
				CLANG_WARN_OBJC_LITERAL_CONVERSION = YES;
				CLANG_WARN_OBJC_ROOT_CLASS = YES_ERROR;
				CLANG_WARN_QUOTED_INCLUDE_IN_FRAMEWORK_HEADER = YES;
				CLANG_WARN_RANGE_LOOP_ANALYSIS = YES;
				CLANG_WARN_STRICT_PROTOTYPES = YES;
				CLANG_WARN_SUSPICIOUS_MOVE = YES;
				CLANG_WARN_UNGUARDED_AVAILABILITY = YES_AGGRESSIVE;
				CLANG_WARN_UNREACHABLE_CODE = YES;
				CLANG_WARN__DUPLICATE_METHOD_MATCH = YES;
				COPY_PHASE_STRIP = NO;
				DEBUG_INFORMATION_FORMAT = "dwarf-with-dsym";
				ENABLE_NS_ASSERTIONS = NO;
				ENABLE_STRICT_OBJC_MSGSEND = YES;
				GCC_C_LANGUAGE_STANDARD = gnu11;
				GCC_NO_COMMON_BLOCKS = YES;
				GCC_WARN_64_TO_32_BIT_CONVERSION = YES;
				GCC_WARN_ABOUT_RETURN_TYPE = YES_ERROR;
				GCC_WARN_UNDECLARED_SELECTOR = YES;
				GCC_WARN_UNINITIALIZED_AUTOS = YES_AGGRESSIVE;
				GCC_WARN_UNUSED_FUNCTION = YES;
				GCC_WARN_UNUSED_VARIABLE = YES;
				IPHONEOS_DEPLOYMENT_TARGET = 15.0;
				MTL_ENABLE_DEBUG_INFO = NO;
				MTL_FAST_MATH = YES;
				SDKROOT = iphoneos;
				SWIFT_COMPILATION_MODE = wholemodule;
				SWIFT_OPTIMIZATION_LEVEL = "-O";
				VALIDATE_PRODUCT = YES;
			};
			name = Release;
		};
		B6F743812715A5E300367567 /* Debug */ = {
			isa = XCBuildConfiguration;
			buildSettings = {
				ASSETCATALOG_COMPILER_APPICON_NAME = AppIcon;
				ASSETCATALOG_COMPILER_GLOBAL_ACCENT_COLOR_NAME = AccentColor;
				CODE_SIGN_STYLE = Automatic;
				CURRENT_PROJECT_VERSION = 1;
				DEVELOPMENT_ASSET_PATHS = "\"CupcakeCorner/Preview Content\"";
				DEVELOPMENT_TEAM = 2FRR58PFB2;
				ENABLE_PREVIEWS = YES;
				GENERATE_INFOPLIST_FILE = YES;
				INFOPLIST_KEY_UIApplicationSceneManifest_Generation = YES;
				INFOPLIST_KEY_UIApplicationSupportsIndirectInputEvents = YES;
				INFOPLIST_KEY_UILaunchScreen_Generation = YES;
				INFOPLIST_KEY_UISupportedInterfaceOrientations_iPad = "UIInterfaceOrientationPortrait UIInterfaceOrientationPortraitUpsideDown UIInterfaceOrientationLandscapeLeft UIInterfaceOrientationLandscapeRight";
				INFOPLIST_KEY_UISupportedInterfaceOrientations_iPhone = "UIInterfaceOrientationPortrait UIInterfaceOrientationLandscapeLeft UIInterfaceOrientationLandscapeRight";
				IPHONEOS_DEPLOYMENT_TARGET = 14.0;
				LD_RUNPATH_SEARCH_PATHS = (
					"$(inherited)",
					"@executable_path/Frameworks",
				);
				MARKETING_VERSION = 1.0;
				PRODUCT_BUNDLE_IDENTIFIER = com.yashpoojary.CupcakeCorner;
				PRODUCT_NAME = "$(TARGET_NAME)";
				SWIFT_EMIT_LOC_STRINGS = YES;
				SWIFT_VERSION = 5.0;
				TARGETED_DEVICE_FAMILY = "1,2";
			};
			name = Debug;
		};
		B6F743822715A5E300367567 /* Release */ = {
			isa = XCBuildConfiguration;
			buildSettings = {
				ASSETCATALOG_COMPILER_APPICON_NAME = AppIcon;
				ASSETCATALOG_COMPILER_GLOBAL_ACCENT_COLOR_NAME = AccentColor;
				CODE_SIGN_STYLE = Automatic;
				CURRENT_PROJECT_VERSION = 1;
				DEVELOPMENT_ASSET_PATHS = "\"CupcakeCorner/Preview Content\"";
				DEVELOPMENT_TEAM = 2FRR58PFB2;
				ENABLE_PREVIEWS = YES;
				GENERATE_INFOPLIST_FILE = YES;
				INFOPLIST_KEY_UIApplicationSceneManifest_Generation = YES;
				INFOPLIST_KEY_UIApplicationSupportsIndirectInputEvents = YES;
				INFOPLIST_KEY_UILaunchScreen_Generation = YES;
				INFOPLIST_KEY_UISupportedInterfaceOrientations_iPad = "UIInterfaceOrientationPortrait UIInterfaceOrientationPortraitUpsideDown UIInterfaceOrientationLandscapeLeft UIInterfaceOrientationLandscapeRight";
				INFOPLIST_KEY_UISupportedInterfaceOrientations_iPhone = "UIInterfaceOrientationPortrait UIInterfaceOrientationLandscapeLeft UIInterfaceOrientationLandscapeRight";
				IPHONEOS_DEPLOYMENT_TARGET = 14.0;
				LD_RUNPATH_SEARCH_PATHS = (
					"$(inherited)",
					"@executable_path/Frameworks",
				);
				MARKETING_VERSION = 1.0;
				PRODUCT_BUNDLE_IDENTIFIER = com.yashpoojary.CupcakeCorner;
				PRODUCT_NAME = "$(TARGET_NAME)";
				SWIFT_EMIT_LOC_STRINGS = YES;
				SWIFT_VERSION = 5.0;
				TARGETED_DEVICE_FAMILY = "1,2";
			};
			name = Release;
		};
		B6F743842715A5E300367567 /* Debug */ = {
			isa = XCBuildConfiguration;
			buildSettings = {
				ALWAYS_EMBED_SWIFT_STANDARD_LIBRARIES = YES;
				BUNDLE_LOADER = "$(TEST_HOST)";
				CODE_SIGN_STYLE = Automatic;
				CURRENT_PROJECT_VERSION = 1;
				DEVELOPMENT_TEAM = 2FRR58PFB2;
				GENERATE_INFOPLIST_FILE = YES;
				IPHONEOS_DEPLOYMENT_TARGET = 14.0;
				LD_RUNPATH_SEARCH_PATHS = (
					"$(inherited)",
					"@executable_path/Frameworks",
					"@loader_path/Frameworks",
				);
				MARKETING_VERSION = 1.0;
				PRODUCT_BUNDLE_IDENTIFIER = com.yashpoojary.CupcakeCornerTests;
				PRODUCT_NAME = "$(TARGET_NAME)";
				SWIFT_EMIT_LOC_STRINGS = NO;
				SWIFT_VERSION = 5.0;
				TARGETED_DEVICE_FAMILY = "1,2";
				TEST_HOST = "$(BUILT_PRODUCTS_DIR)/CupcakeCorner.app/CupcakeCorner";
			};
			name = Debug;
		};
		B6F743852715A5E300367567 /* Release */ = {
			isa = XCBuildConfiguration;
			buildSettings = {
				ALWAYS_EMBED_SWIFT_STANDARD_LIBRARIES = YES;
				BUNDLE_LOADER = "$(TEST_HOST)";
				CODE_SIGN_STYLE = Automatic;
				CURRENT_PROJECT_VERSION = 1;
				DEVELOPMENT_TEAM = 2FRR58PFB2;
				GENERATE_INFOPLIST_FILE = YES;
				IPHONEOS_DEPLOYMENT_TARGET = 14.0;
				LD_RUNPATH_SEARCH_PATHS = (
					"$(inherited)",
					"@executable_path/Frameworks",
					"@loader_path/Frameworks",
				);
				MARKETING_VERSION = 1.0;
				PRODUCT_BUNDLE_IDENTIFIER = com.yashpoojary.CupcakeCornerTests;
				PRODUCT_NAME = "$(TARGET_NAME)";
				SWIFT_EMIT_LOC_STRINGS = NO;
				SWIFT_VERSION = 5.0;
				TARGETED_DEVICE_FAMILY = "1,2";
				TEST_HOST = "$(BUILT_PRODUCTS_DIR)/CupcakeCorner.app/CupcakeCorner";
			};
			name = Release;
		};
		B6F743872715A5E300367567 /* Debug */ = {
			isa = XCBuildConfiguration;
			buildSettings = {
				ALWAYS_EMBED_SWIFT_STANDARD_LIBRARIES = YES;
				CODE_SIGN_STYLE = Automatic;
				CURRENT_PROJECT_VERSION = 1;
				DEVELOPMENT_TEAM = 2FRR58PFB2;
				GENERATE_INFOPLIST_FILE = YES;
				LD_RUNPATH_SEARCH_PATHS = (
					"$(inherited)",
					"@executable_path/Frameworks",
					"@loader_path/Frameworks",
				);
				MARKETING_VERSION = 1.0;
				PRODUCT_BUNDLE_IDENTIFIER = com.yashpoojary.CupcakeCornerUITests;
				PRODUCT_NAME = "$(TARGET_NAME)";
				SWIFT_EMIT_LOC_STRINGS = NO;
				SWIFT_VERSION = 5.0;
				TARGETED_DEVICE_FAMILY = "1,2";
				TEST_TARGET_NAME = CupcakeCorner;
			};
			name = Debug;
		};
		B6F743882715A5E300367567 /* Release */ = {
			isa = XCBuildConfiguration;
			buildSettings = {
				ALWAYS_EMBED_SWIFT_STANDARD_LIBRARIES = YES;
				CODE_SIGN_STYLE = Automatic;
				CURRENT_PROJECT_VERSION = 1;
				DEVELOPMENT_TEAM = 2FRR58PFB2;
				GENERATE_INFOPLIST_FILE = YES;
				LD_RUNPATH_SEARCH_PATHS = (
					"$(inherited)",
					"@executable_path/Frameworks",
					"@loader_path/Frameworks",
				);
				MARKETING_VERSION = 1.0;
				PRODUCT_BUNDLE_IDENTIFIER = com.yashpoojary.CupcakeCornerUITests;
				PRODUCT_NAME = "$(TARGET_NAME)";
				SWIFT_EMIT_LOC_STRINGS = NO;
				SWIFT_VERSION = 5.0;
				TARGETED_DEVICE_FAMILY = "1,2";
				TEST_TARGET_NAME = CupcakeCorner;
			};
			name = Release;
		};
/* End XCBuildConfiguration section */

/* Begin XCConfigurationList section */
		B6F743572715A5DE00367567 /* Build configuration list for PBXProject "CupcakeCorner" */ = {
			isa = XCConfigurationList;
			buildConfigurations = (
				B6F7437E2715A5E300367567 /* Debug */,
				B6F7437F2715A5E300367567 /* Release */,
			);
			defaultConfigurationIsVisible = 0;
			defaultConfigurationName = Release;
		};
		B6F743802715A5E300367567 /* Build configuration list for PBXNativeTarget "CupcakeCorner" */ = {
			isa = XCConfigurationList;
			buildConfigurations = (
				B6F743812715A5E300367567 /* Debug */,
				B6F743822715A5E300367567 /* Release */,
			);
			defaultConfigurationIsVisible = 0;
			defaultConfigurationName = Release;
		};
		B6F743832715A5E300367567 /* Build configuration list for PBXNativeTarget "CupcakeCornerTests" */ = {
			isa = XCConfigurationList;
			buildConfigurations = (
				B6F743842715A5E300367567 /* Debug */,
				B6F743852715A5E300367567 /* Release */,
			);
			defaultConfigurationIsVisible = 0;
			defaultConfigurationName = Release;
		};
		B6F743862715A5E300367567 /* Build configuration list for PBXNativeTarget "CupcakeCornerUITests" */ = {
			isa = XCConfigurationList;
			buildConfigurations = (
				B6F743872715A5E300367567 /* Debug */,
				B6F743882715A5E300367567 /* Release */,
			);
			defaultConfigurationIsVisible = 0;
			defaultConfigurationName = Release;
		};
/* End XCConfigurationList section */
	};
	rootObject = B6F743542715A5DE00367567 /* Project object */;
}
